// !$*UTF8*$!
{
	archiveVersion = 1;
	classes = {
	};
	objectVersion = 51;
	objects = {

/* Begin PBXBuildFile section */
		05259BE7242CFA0200E11B4F /* AppDelegate.swift in Sources */ = {isa = PBXBuildFile; fileRef = 05259BE6242CFA0200E11B4F /* AppDelegate.swift */; };
		05259BE9242CFA0200E11B4F /* SceneDelegate.swift in Sources */ = {isa = PBXBuildFile; fileRef = 05259BE8242CFA0200E11B4F /* SceneDelegate.swift */; };
		05259BEB242CFA0200E11B4F /* ViewController.swift in Sources */ = {isa = PBXBuildFile; fileRef = 05259BEA242CFA0200E11B4F /* ViewController.swift */; };
		05259BEE242CFA0200E11B4F /* Main.storyboard in Resources */ = {isa = PBXBuildFile; fileRef = 05259BEC242CFA0200E11B4F /* Main.storyboard */; };
		05259BF0242CFA0400E11B4F /* Assets.xcassets in Resources */ = {isa = PBXBuildFile; fileRef = 05259BEF242CFA0400E11B4F /* Assets.xcassets */; };
		05259BF3242CFA0400E11B4F /* LaunchScreen.storyboard in Resources */ = {isa = PBXBuildFile; fileRef = 05259BF1242CFA0400E11B4F /* LaunchScreen.storyboard */; };
		05259BFE242CFA0400E11B4F /* TimeTravelTests.swift in Sources */ = {isa = PBXBuildFile; fileRef = 05259BFD242CFA0400E11B4F /* TimeTravelTests.swift */; };
		05259C09242CFA0400E11B4F /* TimeTravelUITests.swift in Sources */ = {isa = PBXBuildFile; fileRef = 05259C08242CFA0400E11B4F /* TimeTravelUITests.swift */; };
		05259C17242CFBA700E11B4F /* UserProtocol.swift in Sources */ = {isa = PBXBuildFile; fileRef = 05259C16242CFBA700E11B4F /* UserProtocol.swift */; };
		05259C19242CFC3000E11B4F /* LocationProtocol.swift in Sources */ = {isa = PBXBuildFile; fileRef = 05259C18242CFC3000E11B4F /* LocationProtocol.swift */; };
		05259C1B242CFDDE00E11B4F /* MapProtocol.swift in Sources */ = {isa = PBXBuildFile; fileRef = 05259C1A242CFDDE00E11B4F /* MapProtocol.swift */; };
		05259C1D242CFE8500E11B4F /* RestFulGetAPIProtocol.swift in Sources */ = {isa = PBXBuildFile; fileRef = 05259C1C242CFE8500E11B4F /* RestFulGetAPIProtocol.swift */; };
		05259C21242D0C5A00E11B4F /* SimpleLocation.swift in Sources */ = {isa = PBXBuildFile; fileRef = 05259C20242D0C5A00E11B4F /* SimpleLocation.swift */; };
		05259C23242D0F0100E11B4F /* IphoneUser.swift in Sources */ = {isa = PBXBuildFile; fileRef = 05259C22242D0F0100E11B4F /* IphoneUser.swift */; };
		05259C25242D147600E11B4F /* GoogleMapAPI.swift in Sources */ = {isa = PBXBuildFile; fileRef = 05259C24242D147600E11B4F /* GoogleMapAPI.swift */; };
		05259C27242D15FB00E11B4F /* MapGoogle.swift in Sources */ = {isa = PBXBuildFile; fileRef = 05259C26242D15FB00E11B4F /* MapGoogle.swift */; };
		0592E2D42430C862007A08B3 /* Utils.swift in Sources */ = {isa = PBXBuildFile; fileRef = 0592E2D32430C862007A08B3 /* Utils.swift */; };
		4B869B3729ADCF4F69AD6D41 /* Pods_TimeTravel.framework in Frameworks */ = {isa = PBXBuildFile; fileRef = 22B3A65FA198B67422EF3639 /* Pods_TimeTravel.framework */; };
/* End PBXBuildFile section */

/* Begin PBXContainerItemProxy section */
		05259BFA242CFA0400E11B4F /* PBXContainerItemProxy */ = {
			isa = PBXContainerItemProxy;
			containerPortal = 05259BDB242CFA0200E11B4F /* Project object */;
			proxyType = 1;
			remoteGlobalIDString = 05259BE2242CFA0200E11B4F;
			remoteInfo = TimeTravel;
		};
		05259C05242CFA0400E11B4F /* PBXContainerItemProxy */ = {
			isa = PBXContainerItemProxy;
			containerPortal = 05259BDB242CFA0200E11B4F /* Project object */;
			proxyType = 1;
			remoteGlobalIDString = 05259BE2242CFA0200E11B4F;
			remoteInfo = TimeTravel;
		};
/* End PBXContainerItemProxy section */

/* Begin PBXFileReference section */
		05259BE3242CFA0200E11B4F /* TimeTravel.app */ = {isa = PBXFileReference; explicitFileType = wrapper.application; includeInIndex = 0; path = TimeTravel.app; sourceTree = BUILT_PRODUCTS_DIR; };
		05259BE6242CFA0200E11B4F /* AppDelegate.swift */ = {isa = PBXFileReference; lastKnownFileType = sourcecode.swift; path = AppDelegate.swift; sourceTree = "<group>"; };
		05259BE8242CFA0200E11B4F /* SceneDelegate.swift */ = {isa = PBXFileReference; lastKnownFileType = sourcecode.swift; path = SceneDelegate.swift; sourceTree = "<group>"; };
		05259BEA242CFA0200E11B4F /* ViewController.swift */ = {isa = PBXFileReference; lastKnownFileType = sourcecode.swift; path = ViewController.swift; sourceTree = "<group>"; };
		05259BED242CFA0200E11B4F /* Base */ = {isa = PBXFileReference; lastKnownFileType = file.storyboard; name = Base; path = Base.lproj/Main.storyboard; sourceTree = "<group>"; };
		05259BEF242CFA0400E11B4F /* Assets.xcassets */ = {isa = PBXFileReference; lastKnownFileType = folder.assetcatalog; path = Assets.xcassets; sourceTree = "<group>"; };
		05259BF2242CFA0400E11B4F /* Base */ = {isa = PBXFileReference; lastKnownFileType = file.storyboard; name = Base; path = Base.lproj/LaunchScreen.storyboard; sourceTree = "<group>"; };
		05259BF4242CFA0400E11B4F /* Info.plist */ = {isa = PBXFileReference; lastKnownFileType = text.plist.xml; path = Info.plist; sourceTree = "<group>"; };
		05259BF9242CFA0400E11B4F /* TimeTravelTests.xctest */ = {isa = PBXFileReference; explicitFileType = wrapper.cfbundle; includeInIndex = 0; path = TimeTravelTests.xctest; sourceTree = BUILT_PRODUCTS_DIR; };
		05259BFD242CFA0400E11B4F /* TimeTravelTests.swift */ = {isa = PBXFileReference; lastKnownFileType = sourcecode.swift; path = TimeTravelTests.swift; sourceTree = "<group>"; };
		05259BFF242CFA0400E11B4F /* Info.plist */ = {isa = PBXFileReference; lastKnownFileType = text.plist.xml; path = Info.plist; sourceTree = "<group>"; };
		05259C04242CFA0400E11B4F /* TimeTravelUITests.xctest */ = {isa = PBXFileReference; explicitFileType = wrapper.cfbundle; includeInIndex = 0; path = TimeTravelUITests.xctest; sourceTree = BUILT_PRODUCTS_DIR; };
		05259C08242CFA0400E11B4F /* TimeTravelUITests.swift */ = {isa = PBXFileReference; lastKnownFileType = sourcecode.swift; path = TimeTravelUITests.swift; sourceTree = "<group>"; };
		05259C0A242CFA0400E11B4F /* Info.plist */ = {isa = PBXFileReference; lastKnownFileType = text.plist.xml; path = Info.plist; sourceTree = "<group>"; };
		05259C16242CFBA700E11B4F /* UserProtocol.swift */ = {isa = PBXFileReference; lastKnownFileType = sourcecode.swift; path = UserProtocol.swift; sourceTree = "<group>"; };
		05259C18242CFC3000E11B4F /* LocationProtocol.swift */ = {isa = PBXFileReference; lastKnownFileType = sourcecode.swift; path = LocationProtocol.swift; sourceTree = "<group>"; };
		05259C1A242CFDDE00E11B4F /* MapProtocol.swift */ = {isa = PBXFileReference; lastKnownFileType = sourcecode.swift; path = MapProtocol.swift; sourceTree = "<group>"; };
		05259C1C242CFE8500E11B4F /* RestFulGetAPIProtocol.swift */ = {isa = PBXFileReference; lastKnownFileType = sourcecode.swift; path = RestFulGetAPIProtocol.swift; sourceTree = "<group>"; };
		05259C20242D0C5A00E11B4F /* SimpleLocation.swift */ = {isa = PBXFileReference; lastKnownFileType = sourcecode.swift; path = SimpleLocation.swift; sourceTree = "<group>"; };
		05259C22242D0F0100E11B4F /* IphoneUser.swift */ = {isa = PBXFileReference; lastKnownFileType = sourcecode.swift; path = IphoneUser.swift; sourceTree = "<group>"; };
		05259C24242D147600E11B4F /* GoogleMapAPI.swift */ = {isa = PBXFileReference; lastKnownFileType = sourcecode.swift; path = GoogleMapAPI.swift; sourceTree = "<group>"; };
		05259C26242D15FB00E11B4F /* MapGoogle.swift */ = {isa = PBXFileReference; lastKnownFileType = sourcecode.swift; path = MapGoogle.swift; sourceTree = "<group>"; };
		0592E2D32430C862007A08B3 /* Utils.swift */ = {isa = PBXFileReference; lastKnownFileType = sourcecode.swift; path = Utils.swift; sourceTree = "<group>"; };
		22B3A65FA198B67422EF3639 /* Pods_TimeTravel.framework */ = {isa = PBXFileReference; explicitFileType = wrapper.framework; includeInIndex = 0; path = Pods_TimeTravel.framework; sourceTree = BUILT_PRODUCTS_DIR; };
		40F0B45078C24AA2484FCCFE /* Pods-TimeTravel.debug.xcconfig */ = {isa = PBXFileReference; includeInIndex = 1; lastKnownFileType = text.xcconfig; name = "Pods-TimeTravel.debug.xcconfig"; path = "Target Support Files/Pods-TimeTravel/Pods-TimeTravel.debug.xcconfig"; sourceTree = "<group>"; };
		84A22E8918CA9691098B2D9E /* Pods-TimeTravel.release.xcconfig */ = {isa = PBXFileReference; includeInIndex = 1; lastKnownFileType = text.xcconfig; name = "Pods-TimeTravel.release.xcconfig"; path = "Target Support Files/Pods-TimeTravel/Pods-TimeTravel.release.xcconfig"; sourceTree = "<group>"; };
/* End PBXFileReference section */

/* Begin PBXFrameworksBuildPhase section */
		05259BE0242CFA0200E11B4F /* Frameworks */ = {
			isa = PBXFrameworksBuildPhase;
			buildActionMask = 2147483647;
			files = (
				4B869B3729ADCF4F69AD6D41 /* Pods_TimeTravel.framework in Frameworks */,
			);
			runOnlyForDeploymentPostprocessing = 0;
		};
		05259BF6242CFA0400E11B4F /* Frameworks */ = {
			isa = PBXFrameworksBuildPhase;
			buildActionMask = 2147483647;
			files = (
			);
			runOnlyForDeploymentPostprocessing = 0;
		};
		05259C01242CFA0400E11B4F /* Frameworks */ = {
			isa = PBXFrameworksBuildPhase;
			buildActionMask = 2147483647;
			files = (
			);
			runOnlyForDeploymentPostprocessing = 0;
		};
/* End PBXFrameworksBuildPhase section */

/* Begin PBXGroup section */
		05259BDA242CFA0200E11B4F = {
			isa = PBXGroup;
			children = (
				05259BE5242CFA0200E11B4F /* TimeTravel */,
				05259BFC242CFA0400E11B4F /* TimeTravelTests */,
				05259C07242CFA0400E11B4F /* TimeTravelUITests */,
				05259BE4242CFA0200E11B4F /* Products */,
				59286F3AE750440CA21A9796 /* Pods */,
				AD4638672C428DF16744917D /* Frameworks */,
			);
			sourceTree = "<group>";
		};
		05259BE4242CFA0200E11B4F /* Products */ = {
			isa = PBXGroup;
			children = (
				05259BE3242CFA0200E11B4F /* TimeTravel.app */,
				05259BF9242CFA0400E11B4F /* TimeTravelTests.xctest */,
				05259C04242CFA0400E11B4F /* TimeTravelUITests.xctest */,
			);
			name = Products;
			sourceTree = "<group>";
		};
		05259BE5242CFA0200E11B4F /* TimeTravel */ = {
			isa = PBXGroup;
			children = (
				05259BE6242CFA0200E11B4F /* AppDelegate.swift */,
				05259BE8242CFA0200E11B4F /* SceneDelegate.swift */,
				05259BEA242CFA0200E11B4F /* ViewController.swift */,
				05259BEC242CFA0200E11B4F /* Main.storyboard */,
				05259BEF242CFA0400E11B4F /* Assets.xcassets */,
				05259BF1242CFA0400E11B4F /* LaunchScreen.storyboard */,
				05259BF4242CFA0400E11B4F /* Info.plist */,
				05259C16242CFBA700E11B4F /* UserProtocol.swift */,
				05259C18242CFC3000E11B4F /* LocationProtocol.swift */,
				05259C1A242CFDDE00E11B4F /* MapProtocol.swift */,
				05259C1C242CFE8500E11B4F /* RestFulGetAPIProtocol.swift */,
				05259C20242D0C5A00E11B4F /* SimpleLocation.swift */,
				05259C22242D0F0100E11B4F /* IphoneUser.swift */,
				05259C24242D147600E11B4F /* GoogleMapAPI.swift */,
				05259C26242D15FB00E11B4F /* MapGoogle.swift */,
				0592E2D32430C862007A08B3 /* Utils.swift */,
			);
			path = TimeTravel;
			sourceTree = "<group>";
		};
		05259BFC242CFA0400E11B4F /* TimeTravelTests */ = {
			isa = PBXGroup;
			children = (
				05259BFD242CFA0400E11B4F /* TimeTravelTests.swift */,
				05259BFF242CFA0400E11B4F /* Info.plist */,
			);
			path = TimeTravelTests;
			sourceTree = "<group>";
		};
		05259C07242CFA0400E11B4F /* TimeTravelUITests */ = {
			isa = PBXGroup;
			children = (
				05259C08242CFA0400E11B4F /* TimeTravelUITests.swift */,
				05259C0A242CFA0400E11B4F /* Info.plist */,
			);
			path = TimeTravelUITests;
			sourceTree = "<group>";
		};
		59286F3AE750440CA21A9796 /* Pods */ = {
			isa = PBXGroup;
			children = (
				40F0B45078C24AA2484FCCFE /* Pods-TimeTravel.debug.xcconfig */,
				84A22E8918CA9691098B2D9E /* Pods-TimeTravel.release.xcconfig */,
			);
			path = Pods;
			sourceTree = "<group>";
		};
		AD4638672C428DF16744917D /* Frameworks */ = {
			isa = PBXGroup;
			children = (
				22B3A65FA198B67422EF3639 /* Pods_TimeTravel.framework */,
			);
			name = Frameworks;
			sourceTree = "<group>";
		};
/* End PBXGroup section */

/* Begin PBXNativeTarget section */
		05259BE2242CFA0200E11B4F /* TimeTravel */ = {
			isa = PBXNativeTarget;
			buildConfigurationList = 05259C0D242CFA0400E11B4F /* Build configuration list for PBXNativeTarget "TimeTravel" */;
			buildPhases = (
				31336ED2EBF61CF2183D7519 /* [CP] Check Pods Manifest.lock */,
				05259BDF242CFA0200E11B4F /* Sources */,
				05259BE0242CFA0200E11B4F /* Frameworks */,
				05259BE1242CFA0200E11B4F /* Resources */,
				9AA9E7D3194BEEDF88BEFF09 /* [CP] Embed Pods Frameworks */,
				DBD864F16A250AC37F669BF1 /* [CP] Copy Pods Resources */,
			);
			buildRules = (
			);
			dependencies = (
			);
			name = TimeTravel;
			productName = TimeTravel;
			productReference = 05259BE3242CFA0200E11B4F /* TimeTravel.app */;
			productType = "com.apple.product-type.application";
		};
		05259BF8242CFA0400E11B4F /* TimeTravelTests */ = {
			isa = PBXNativeTarget;
			buildConfigurationList = 05259C10242CFA0400E11B4F /* Build configuration list for PBXNativeTarget "TimeTravelTests" */;
			buildPhases = (
				05259BF5242CFA0400E11B4F /* Sources */,
				05259BF6242CFA0400E11B4F /* Frameworks */,
				05259BF7242CFA0400E11B4F /* Resources */,
			);
			buildRules = (
			);
			dependencies = (
				05259BFB242CFA0400E11B4F /* PBXTargetDependency */,
			);
			name = TimeTravelTests;
			productName = TimeTravelTests;
			productReference = 05259BF9242CFA0400E11B4F /* TimeTravelTests.xctest */;
			productType = "com.apple.product-type.bundle.unit-test";
		};
		05259C03242CFA0400E11B4F /* TimeTravelUITests */ = {
			isa = PBXNativeTarget;
			buildConfigurationList = 05259C13242CFA0400E11B4F /* Build configuration list for PBXNativeTarget "TimeTravelUITests" */;
			buildPhases = (
				05259C00242CFA0400E11B4F /* Sources */,
				05259C01242CFA0400E11B4F /* Frameworks */,
				05259C02242CFA0400E11B4F /* Resources */,
			);
			buildRules = (
			);
			dependencies = (
				05259C06242CFA0400E11B4F /* PBXTargetDependency */,
			);
			name = TimeTravelUITests;
			productName = TimeTravelUITests;
			productReference = 05259C04242CFA0400E11B4F /* TimeTravelUITests.xctest */;
			productType = "com.apple.product-type.bundle.ui-testing";
		};
/* End PBXNativeTarget section */

/* Begin PBXProject section */
		05259BDB242CFA0200E11B4F /* Project object */ = {
			isa = PBXProject;
			attributes = {
				LastSwiftUpdateCheck = 1140;
				LastUpgradeCheck = 1140;
				ORGANIZATIONNAME = "Rafael Reis";
				TargetAttributes = {
					05259BE2242CFA0200E11B4F = {
						CreatedOnToolsVersion = 11.4;
					};
					05259BF8242CFA0400E11B4F = {
						CreatedOnToolsVersion = 11.4;
						TestTargetID = 05259BE2242CFA0200E11B4F;
					};
					05259C03242CFA0400E11B4F = {
						CreatedOnToolsVersion = 11.4;
						TestTargetID = 05259BE2242CFA0200E11B4F;
					};
				};
			};
			buildConfigurationList = 05259BDE242CFA0200E11B4F /* Build configuration list for PBXProject "TimeTravel" */;
			compatibilityVersion = "Xcode 9.3";
			developmentRegion = en;
			hasScannedForEncodings = 0;
			knownRegions = (
				en,
				Base,
			);
			mainGroup = 05259BDA242CFA0200E11B4F;
			productRefGroup = 05259BE4242CFA0200E11B4F /* Products */;
			projectDirPath = "";
			projectRoot = "";
			targets = (
				05259BE2242CFA0200E11B4F /* TimeTravel */,
				05259BF8242CFA0400E11B4F /* TimeTravelTests */,
				05259C03242CFA0400E11B4F /* TimeTravelUITests */,
			);
		};
/* End PBXProject section */

/* Begin PBXResourcesBuildPhase section */
		05259BE1242CFA0200E11B4F /* Resources */ = {
			isa = PBXResourcesBuildPhase;
			buildActionMask = 2147483647;
			files = (
				05259BF3242CFA0400E11B4F /* LaunchScreen.storyboard in Resources */,
				05259BF0242CFA0400E11B4F /* Assets.xcassets in Resources */,
				05259BEE242CFA0200E11B4F /* Main.storyboard in Resources */,
			);
			runOnlyForDeploymentPostprocessing = 0;
		};
		05259BF7242CFA0400E11B4F /* Resources */ = {
			isa = PBXResourcesBuildPhase;
			buildActionMask = 2147483647;
			files = (
			);
			runOnlyForDeploymentPostprocessing = 0;
		};
		05259C02242CFA0400E11B4F /* Resources */ = {
			isa = PBXResourcesBuildPhase;
			buildActionMask = 2147483647;
			files = (
			);
			runOnlyForDeploymentPostprocessing = 0;
		};
/* End PBXResourcesBuildPhase section */

/* Begin PBXShellScriptBuildPhase section */
		31336ED2EBF61CF2183D7519 /* [CP] Check Pods Manifest.lock */ = {
			isa = PBXShellScriptBuildPhase;
			buildActionMask = 2147483647;
			files = (
			);
			inputFileListPaths = (
			);
			inputPaths = (
				"${PODS_PODFILE_DIR_PATH}/Podfile.lock",
				"${PODS_ROOT}/Manifest.lock",
			);
			name = "[CP] Check Pods Manifest.lock";
			outputFileListPaths = (
			);
			outputPaths = (
				"$(DERIVED_FILE_DIR)/Pods-TimeTravel-checkManifestLockResult.txt",
			);
			runOnlyForDeploymentPostprocessing = 0;
			shellPath = /bin/sh;
			shellScript = "diff \"${PODS_PODFILE_DIR_PATH}/Podfile.lock\" \"${PODS_ROOT}/Manifest.lock\" > /dev/null\nif [ $? != 0 ] ; then\n    # print error to STDERR\n    echo \"error: The sandbox is not in sync with the Podfile.lock. Run 'pod install' or update your CocoaPods installation.\" >&2\n    exit 1\nfi\n# This output is used by Xcode 'outputs' to avoid re-running this script phase.\necho \"SUCCESS\" > \"${SCRIPT_OUTPUT_FILE_0}\"\n";
			showEnvVarsInLog = 0;
		};
		9AA9E7D3194BEEDF88BEFF09 /* [CP] Embed Pods Frameworks */ = {
			isa = PBXShellScriptBuildPhase;
			buildActionMask = 2147483647;
			files = (
			);
			inputFileListPaths = (
				"${PODS_ROOT}/Target Support Files/Pods-TimeTravel/Pods-TimeTravel-frameworks-${CONFIGURATION}-input-files.xcfilelist",
			);
			name = "[CP] Embed Pods Frameworks";
			outputFileListPaths = (
				"${PODS_ROOT}/Target Support Files/Pods-TimeTravel/Pods-TimeTravel-frameworks-${CONFIGURATION}-output-files.xcfilelist",
			);
			runOnlyForDeploymentPostprocessing = 0;
			shellPath = /bin/sh;
			shellScript = "\"${PODS_ROOT}/Target Support Files/Pods-TimeTravel/Pods-TimeTravel-frameworks.sh\"\n";
			showEnvVarsInLog = 0;
		};
		DBD864F16A250AC37F669BF1 /* [CP] Copy Pods Resources */ = {
			isa = PBXShellScriptBuildPhase;
			buildActionMask = 2147483647;
			files = (
			);
			inputFileListPaths = (
				"${PODS_ROOT}/Target Support Files/Pods-TimeTravel/Pods-TimeTravel-resources-${CONFIGURATION}-input-files.xcfilelist",
			);
			name = "[CP] Copy Pods Resources";
			outputFileListPaths = (
				"${PODS_ROOT}/Target Support Files/Pods-TimeTravel/Pods-TimeTravel-resources-${CONFIGURATION}-output-files.xcfilelist",
			);
			runOnlyForDeploymentPostprocessing = 0;
			shellPath = /bin/sh;
			shellScript = "\"${PODS_ROOT}/Target Support Files/Pods-TimeTravel/Pods-TimeTravel-resources.sh\"\n";
			showEnvVarsInLog = 0;
		};
/* End PBXShellScriptBuildPhase section */

/* Begin PBXSourcesBuildPhase section */
		05259BDF242CFA0200E11B4F /* Sources */ = {
			isa = PBXSourcesBuildPhase;
			buildActionMask = 2147483647;
			files = (
				05259C19242CFC3000E11B4F /* LocationProtocol.swift in Sources */,
				05259BEB242CFA0200E11B4F /* ViewController.swift in Sources */,
				05259C27242D15FB00E11B4F /* MapGoogle.swift in Sources */,
				05259C21242D0C5A00E11B4F /* SimpleLocation.swift in Sources */,
				05259BE7242CFA0200E11B4F /* AppDelegate.swift in Sources */,
				05259C25242D147600E11B4F /* GoogleMapAPI.swift in Sources */,
				05259C17242CFBA700E11B4F /* UserProtocol.swift in Sources */,
				05259C1B242CFDDE00E11B4F /* MapProtocol.swift in Sources */,
				05259C23242D0F0100E11B4F /* IphoneUser.swift in Sources */,
				05259C1D242CFE8500E11B4F /* RestFulGetAPIProtocol.swift in Sources */,
				05259BE9242CFA0200E11B4F /* SceneDelegate.swift in Sources */,
				0592E2D42430C862007A08B3 /* Utils.swift in Sources */,
			);
			runOnlyForDeploymentPostprocessing = 0;
		};
		05259BF5242CFA0400E11B4F /* Sources */ = {
			isa = PBXSourcesBuildPhase;
			buildActionMask = 2147483647;
			files = (
				05259BFE242CFA0400E11B4F /* TimeTravelTests.swift in Sources */,
			);
			runOnlyForDeploymentPostprocessing = 0;
		};
		05259C00242CFA0400E11B4F /* Sources */ = {
			isa = PBXSourcesBuildPhase;
			buildActionMask = 2147483647;
			files = (
				05259C09242CFA0400E11B4F /* TimeTravelUITests.swift in Sources */,
			);
			runOnlyForDeploymentPostprocessing = 0;
		};
/* End PBXSourcesBuildPhase section */

/* Begin PBXTargetDependency section */
		05259BFB242CFA0400E11B4F /* PBXTargetDependency */ = {
			isa = PBXTargetDependency;
			target = 05259BE2242CFA0200E11B4F /* TimeTravel */;
			targetProxy = 05259BFA242CFA0400E11B4F /* PBXContainerItemProxy */;
		};
		05259C06242CFA0400E11B4F /* PBXTargetDependency */ = {
			isa = PBXTargetDependency;
			target = 05259BE2242CFA0200E11B4F /* TimeTravel */;
			targetProxy = 05259C05242CFA0400E11B4F /* PBXContainerItemProxy */;
		};
/* End PBXTargetDependency section */

/* Begin PBXVariantGroup section */
		05259BEC242CFA0200E11B4F /* Main.storyboard */ = {
			isa = PBXVariantGroup;
			children = (
				05259BED242CFA0200E11B4F /* Base */,
			);
			name = Main.storyboard;
			sourceTree = "<group>";
		};
		05259BF1242CFA0400E11B4F /* LaunchScreen.storyboard */ = {
			isa = PBXVariantGroup;
			children = (
				05259BF2242CFA0400E11B4F /* Base */,
			);
			name = LaunchScreen.storyboard;
			sourceTree = "<group>";
		};
/* End PBXVariantGroup section */

/* Begin XCBuildConfiguration section */
		05259C0B242CFA0400E11B4F /* Debug */ = {
			isa = XCBuildConfiguration;
			buildSettings = {
				ALWAYS_SEARCH_USER_PATHS = NO;
				CLANG_ANALYZER_NONNULL = YES;
				CLANG_ANALYZER_NUMBER_OBJECT_CONVERSION = YES_AGGRESSIVE;
				CLANG_CXX_LANGUAGE_STANDARD = "gnu++14";
				CLANG_CXX_LIBRARY = "libc++";
				CLANG_ENABLE_MODULES = YES;
				CLANG_ENABLE_OBJC_ARC = YES;
				CLANG_ENABLE_OBJC_WEAK = YES;
				CLANG_WARN_BLOCK_CAPTURE_AUTORELEASING = YES;
				CLANG_WARN_BOOL_CONVERSION = YES;
				CLANG_WARN_COMMA = YES;
				CLANG_WARN_CONSTANT_CONVERSION = YES;
				CLANG_WARN_DEPRECATED_OBJC_IMPLEMENTATIONS = YES;
				CLANG_WARN_DIRECT_OBJC_ISA_USAGE = YES_ERROR;
				CLANG_WARN_DOCUMENTATION_COMMENTS = YES;
				CLANG_WARN_EMPTY_BODY = YES;
				CLANG_WARN_ENUM_CONVERSION = YES;
				CLANG_WARN_INFINITE_RECURSION = YES;
				CLANG_WARN_INT_CONVERSION = YES;
				CLANG_WARN_NON_LITERAL_NULL_CONVERSION = YES;
				CLANG_WARN_OBJC_IMPLICIT_RETAIN_SELF = YES;
				CLANG_WARN_OBJC_LITERAL_CONVERSION = YES;
				CLANG_WARN_OBJC_ROOT_CLASS = YES_ERROR;
				CLANG_WARN_RANGE_LOOP_ANALYSIS = YES;
				CLANG_WARN_STRICT_PROTOTYPES = YES;
				CLANG_WARN_SUSPICIOUS_MOVE = YES;
				CLANG_WARN_UNGUARDED_AVAILABILITY = YES_AGGRESSIVE;
				CLANG_WARN_UNREACHABLE_CODE = YES;
				CLANG_WARN__DUPLICATE_METHOD_MATCH = YES;
				COPY_PHASE_STRIP = NO;
				DEBUG_INFORMATION_FORMAT = dwarf;
				ENABLE_STRICT_OBJC_MSGSEND = YES;
				ENABLE_TESTABILITY = YES;
				GCC_C_LANGUAGE_STANDARD = gnu11;
				GCC_DYNAMIC_NO_PIC = NO;
				GCC_NO_COMMON_BLOCKS = YES;
				GCC_OPTIMIZATION_LEVEL = 0;
				GCC_PREPROCESSOR_DEFINITIONS = (
					"DEBUG=1",
					"$(inherited)",
				);
				GCC_WARN_64_TO_32_BIT_CONVERSION = YES;
				GCC_WARN_ABOUT_RETURN_TYPE = YES_ERROR;
				GCC_WARN_UNDECLARED_SELECTOR = YES;
				GCC_WARN_UNINITIALIZED_AUTOS = YES_AGGRESSIVE;
				GCC_WARN_UNUSED_FUNCTION = YES;
				GCC_WARN_UNUSED_VARIABLE = YES;
				IPHONEOS_DEPLOYMENT_TARGET = 13.4;
				MTL_ENABLE_DEBUG_INFO = INCLUDE_SOURCE;
				MTL_FAST_MATH = YES;
				ONLY_ACTIVE_ARCH = YES;
				SDKROOT = iphoneos;
				SWIFT_ACTIVE_COMPILATION_CONDITIONS = DEBUG;
				SWIFT_OPTIMIZATION_LEVEL = "-Onone";
			};
			name = Debug;
		};
		05259C0C242CFA0400E11B4F /* Release */ = {
			isa = XCBuildConfiguration;
			buildSettings = {
				ALWAYS_SEARCH_USER_PATHS = NO;
				CLANG_ANALYZER_NONNULL = YES;
				CLANG_ANALYZER_NUMBER_OBJECT_CONVERSION = YES_AGGRESSIVE;
				CLANG_CXX_LANGUAGE_STANDARD = "gnu++14";
				CLANG_CXX_LIBRARY = "libc++";
				CLANG_ENABLE_MODULES = YES;
				CLANG_ENABLE_OBJC_ARC = YES;
				CLANG_ENABLE_OBJC_WEAK = YES;
				CLANG_WARN_BLOCK_CAPTURE_AUTORELEASING = YES;
				CLANG_WARN_BOOL_CONVERSION = YES;
				CLANG_WARN_COMMA = YES;
				CLANG_WARN_CONSTANT_CONVERSION = YES;
				CLANG_WARN_DEPRECATED_OBJC_IMPLEMENTATIONS = YES;
				CLANG_WARN_DIRECT_OBJC_ISA_USAGE = YES_ERROR;
				CLANG_WARN_DOCUMENTATION_COMMENTS = YES;
				CLANG_WARN_EMPTY_BODY = YES;
				CLANG_WARN_ENUM_CONVERSION = YES;
				CLANG_WARN_INFINITE_RECURSION = YES;
				CLANG_WARN_INT_CONVERSION = YES;
				CLANG_WARN_NON_LITERAL_NULL_CONVERSION = YES;
				CLANG_WARN_OBJC_IMPLICIT_RETAIN_SELF = YES;
				CLANG_WARN_OBJC_LITERAL_CONVERSION = YES;
				CLANG_WARN_OBJC_ROOT_CLASS = YES_ERROR;
				CLANG_WARN_RANGE_LOOP_ANALYSIS = YES;
				CLANG_WARN_STRICT_PROTOTYPES = YES;
				CLANG_WARN_SUSPICIOUS_MOVE = YES;
				CLANG_WARN_UNGUARDED_AVAILABILITY = YES_AGGRESSIVE;
				CLANG_WARN_UNREACHABLE_CODE = YES;
				CLANG_WARN__DUPLICATE_METHOD_MATCH = YES;
				COPY_PHASE_STRIP = NO;
				DEBUG_INFORMATION_FORMAT = "dwarf-with-dsym";
				ENABLE_NS_ASSERTIONS = NO;
				ENABLE_STRICT_OBJC_MSGSEND = YES;
				GCC_C_LANGUAGE_STANDARD = gnu11;
				GCC_NO_COMMON_BLOCKS = YES;
				GCC_WARN_64_TO_32_BIT_CONVERSION = YES;
				GCC_WARN_ABOUT_RETURN_TYPE = YES_ERROR;
				GCC_WARN_UNDECLARED_SELECTOR = YES;
				GCC_WARN_UNINITIALIZED_AUTOS = YES_AGGRESSIVE;
				GCC_WARN_UNUSED_FUNCTION = YES;
				GCC_WARN_UNUSED_VARIABLE = YES;
				IPHONEOS_DEPLOYMENT_TARGET = 13.4;
				MTL_ENABLE_DEBUG_INFO = NO;
				MTL_FAST_MATH = YES;
				SDKROOT = iphoneos;
				SWIFT_COMPILATION_MODE = wholemodule;
				SWIFT_OPTIMIZATION_LEVEL = "-O";
				VALIDATE_PRODUCT = YES;
			};
			name = Release;
		};
		05259C0E242CFA0400E11B4F /* Debug */ = {
			isa = XCBuildConfiguration;
			baseConfigurationReference = 40F0B45078C24AA2484FCCFE /* Pods-TimeTravel.debug.xcconfig */;
			buildSettings = {
				ASSETCATALOG_COMPILER_APPICON_NAME = AppIcon;
				CODE_SIGN_STYLE = Automatic;
				DEVELOPMENT_TEAM = L442532VEW;
				INFOPLIST_FILE = TimeTravel/Info.plist;
				LD_RUNPATH_SEARCH_PATHS = (
					"$(inherited)",
					"@executable_path/Frameworks",
				);
				PRODUCT_BUNDLE_IDENTIFIER = "ch.develop-it.TimeTravel";
				PRODUCT_NAME = "$(TARGET_NAME)";
				SWIFT_VERSION = 5.0;
				TARGETED_DEVICE_FAMILY = "1,2";
			};
			name = Debug;
		};
		05259C0F242CFA0400E11B4F /* Release */ = {
			isa = XCBuildConfiguration;
			baseConfigurationReference = 84A22E8918CA9691098B2D9E /* Pods-TimeTravel.release.xcconfig */;
			buildSettings = {
				ASSETCATALOG_COMPILER_APPICON_NAME = AppIcon;
				CODE_SIGN_STYLE = Automatic;
				DEVELOPMENT_TEAM = L442532VEW;
				INFOPLIST_FILE = TimeTravel/Info.plist;
				LD_RUNPATH_SEARCH_PATHS = (
					"$(inherited)",
					"@executable_path/Frameworks",
				);
				PRODUCT_BUNDLE_IDENTIFIER = "ch.develop-it.TimeTravel";
				PRODUCT_NAME = "$(TARGET_NAME)";
				SWIFT_VERSION = 5.0;
				TARGETED_DEVICE_FAMILY = "1,2";
			};
			name = Release;
		};
		05259C11242CFA0400E11B4F /* Debug */ = {
			isa = XCBuildConfiguration;
			buildSettings = {
				ALWAYS_EMBED_SWIFT_STANDARD_LIBRARIES = YES;
				BUNDLE_LOADER = "$(TEST_HOST)";
				CODE_SIGN_STYLE = Automatic;
				DEVELOPMENT_TEAM = L442532VEW;
				INFOPLIST_FILE = TimeTravelTests/Info.plist;
				IPHONEOS_DEPLOYMENT_TARGET = 13.4;
				LD_RUNPATH_SEARCH_PATHS = (
					"$(inherited)",
					"@executable_path/Frameworks",
					"@loader_path/Frameworks",
				);
				PRODUCT_BUNDLE_IDENTIFIER = "ch.develop-it.TimeTravelTests";
				PRODUCT_NAME = "$(TARGET_NAME)";
				SWIFT_VERSION = 5.0;
				TARGETED_DEVICE_FAMILY = "1,2";
				TEST_HOST = "$(BUILT_PRODUCTS_DIR)/TimeTravel.app/TimeTravel";
			};
			name = Debug;
		};
		05259C12242CFA0400E11B4F /* Release */ = {
			isa = XCBuildConfiguration;
			buildSettings = {
				ALWAYS_EMBED_SWIFT_STANDARD_LIBRARIES = YES;
				BUNDLE_LOADER = "$(TEST_HOST)";
				CODE_SIGN_STYLE = Automatic;
				DEVELOPMENT_TEAM = L442532VEW;
				INFOPLIST_FILE = TimeTravelTests/Info.plist;
				IPHONEOS_DEPLOYMENT_TARGET = 13.4;
				LD_RUNPATH_SEARCH_PATHS = (
					"$(inherited)",
					"@executable_path/Frameworks",
					"@loader_path/Frameworks",
				);
				PRODUCT_BUNDLE_IDENTIFIER = "ch.develop-it.TimeTravelTests";
				PRODUCT_NAME = "$(TARGET_NAME)";
				SWIFT_VERSION = 5.0;
				TARGETED_DEVICE_FAMILY = "1,2";
				TEST_HOST = "$(BUILT_PRODUCTS_DIR)/TimeTravel.app/TimeTravel";
			};
			name = Release;
		};
		05259C14242CFA0400E11B4F /* Debug */ = {
			isa = XCBuildConfiguration;
			buildSettings = {
				ALWAYS_EMBED_SWIFT_STANDARD_LIBRARIES = YES;
				CODE_SIGN_STYLE = Automatic;
				DEVELOPMENT_TEAM = L442532VEW;
				INFOPLIST_FILE = TimeTravelUITests/Info.plist;
				LD_RUNPATH_SEARCH_PATHS = (
					"$(inherited)",
					"@executable_path/Frameworks",
					"@loader_path/Frameworks",
				);
				PRODUCT_BUNDLE_IDENTIFIER = "ch.develop-it.TimeTravelUITests";
				PRODUCT_NAME = "$(TARGET_NAME)";
				SWIFT_VERSION = 5.0;
				TARGETED_DEVICE_FAMILY = "1,2";
				TEST_TARGET_NAME = TimeTravel;
			};
			name = Debug;
		};
		05259C15242CFA0400E11B4F /* Release */ = {
			isa = XCBuildConfiguration;
			buildSettings = {
				ALWAYS_EMBED_SWIFT_STANDARD_LIBRARIES = YES;
				CODE_SIGN_STYLE = Automatic;
				DEVELOPMENT_TEAM = L442532VEW;
				INFOPLIST_FILE = TimeTravelUITests/Info.plist;
				LD_RUNPATH_SEARCH_PATHS = (
					"$(inherited)",
					"@executable_path/Frameworks",
					"@loader_path/Frameworks",
				);
				PRODUCT_BUNDLE_IDENTIFIER = "ch.develop-it.TimeTravelUITests";
				PRODUCT_NAME = "$(TARGET_NAME)";
				SWIFT_VERSION = 5.0;
				TARGETED_DEVICE_FAMILY = "1,2";
				TEST_TARGET_NAME = TimeTravel;
			};
			name = Release;
		};
/* End XCBuildConfiguration section */

/* Begin XCConfigurationList section */
		05259BDE242CFA0200E11B4F /* Build configuration list for PBXProject "TimeTravel" */ = {
			isa = XCConfigurationList;
			buildConfigurations = (
				05259C0B242CFA0400E11B4F /* Debug */,
				05259C0C242CFA0400E11B4F /* Release */,
			);
			defaultConfigurationIsVisible = 0;
			defaultConfigurationName = Release;
		};
		05259C0D242CFA0400E11B4F /* Build configuration list for PBXNativeTarget "TimeTravel" */ = {
			isa = XCConfigurationList;
			buildConfigurations = (
				05259C0E242CFA0400E11B4F /* Debug */,
				05259C0F242CFA0400E11B4F /* Release */,
			);
			defaultConfigurationIsVisible = 0;
			defaultConfigurationName = Release;
		};
		05259C10242CFA0400E11B4F /* Build configuration list for PBXNativeTarget "TimeTravelTests" */ = {
			isa = XCConfigurationList;
			buildConfigurations = (
				05259C11242CFA0400E11B4F /* Debug */,
				05259C12242CFA0400E11B4F /* Release */,
			);
			defaultConfigurationIsVisible = 0;
			defaultConfigurationName = Release;
		};
		05259C13242CFA0400E11B4F /* Build configuration list for PBXNativeTarget "TimeTravelUITests" */ = {
			isa = XCConfigurationList;
			buildConfigurations = (
				05259C14242CFA0400E11B4F /* Debug */,
				05259C15242CFA0400E11B4F /* Release */,
			);
			defaultConfigurationIsVisible = 0;
			defaultConfigurationName = Release;
		};
/* End XCConfigurationList section */
	};
	rootObject = 05259BDB242CFA0200E11B4F /* Project object */;
}
